lockfileVersion: '9.0'

settings:
  autoInstallPeers: true
  excludeLinksFromLockfile: false

importers:

  .:
    dependencies:
      sass:
        specifier: ^1.77.8
        version: 1.77.8
      sass-embedded:
        specifier: ^1.77.8
        version: 1.77.8

packages:

  '@bufbuild/protobuf@1.10.0':
    resolution: {integrity: sha512-QDdVFLoN93Zjg36NoQPZfsVH9tZew7wKDKyV5qRdj8ntT4wQCOradQjRaTdwMhWUYsgKsvCINKKm87FdEk96Ag==}

  anymatch@3.1.3:
    resolution: {integrity: sha512-KMReFUr0B4t+D+OBkjR3KYqvocp2XaSzO55UcB6mgQMd3KbcE+mWTyvVV7D/zsdEbNnV6acZUutkiHQXvTr1Rw==}
    engines: {node: '>= 8'}

  binary-extensions@2.3.0:
    resolution: {integrity: sha512-Ceh+7ox5qe7LJuLHoY0feh3pHuUDHAcRUeyL2VYghZwfpkNIy/+8Ocg0a3UuSoYzavmylwuLWQOf3hl0jjMMIw==}
    engines: {node: '>=8'}

  braces@3.0.3:
    resolution: {integrity: sha512-yQbXgO/OSZVD2IsiLlro+7Hf6Q18EJrKSEsdoMzKePKXct3gvD8oLcOQdIzGupr5Fj+EDe8gO/lxc1BzfMpxvA==}
    engines: {node: '>=8'}

  buffer-builder@0.2.0:
    resolution: {integrity: sha512-7VPMEPuYznPSoR21NE1zvd2Xna6c/CloiZCfcMXR1Jny6PjX0N4Nsa38zcBFo/FMK+BlA+FLKbJCQ0i2yxp+Xg==}

  chokidar@3.6.0:
    resolution: {integrity: sha512-7VT13fmjotKpGipCW9JEQAusEPE+Ei8nl6/g4FBAmIm0GOOLMua9NDDo/DWp0ZAxCr3cPq5ZpBqmPAQgDda2Pw==}
    engines: {node: '>= 8.10.0'}

  fill-range@7.1.1:
    resolution: {integrity: sha512-YsGpe3WHLK8ZYi4tWDg2Jy3ebRz2rXowDxnld4bkQB00cc/1Zw9AWnC0i9ztDJitivtQvaI9KaLyKrc+hBW0yg==}
    engines: {node: '>=8'}

  fsevents@2.3.3:
    resolution: {integrity: sha512-5xoDfX+fL7faATnagmWPpbFtwh/R77WmMMqqHGS65C3vvB0YHrgF+B1YmZ3441tMj5n63k0212XNoJwzlhffQw==}
    engines: {node: ^8.16.0 || ^10.6.0 || >=11.0.0}
    os: [darwin]

  glob-parent@5.1.2:
    resolution: {integrity: sha512-AOIgSQCepiJYwP3ARnGx+5VnTu2HBYdzbGP45eLw1vr3zB3vZLeyed1sC9hnbcOc9/SrMyM5RPQrkGz4aS9Zow==}
    engines: {node: '>= 6'}

  has-flag@4.0.0:
    resolution: {integrity: sha512-EykJT/Q1KjTWctppgIAgfSO0tKVuZUjhgMr17kqTumMl6Afv3EISleU7qZUzoXDFTAHTDC4NOoG/ZxU3EvlMPQ==}
    engines: {node: '>=8'}

  immutable@4.3.7:
    resolution: {integrity: sha512-1hqclzwYwjRDFLjcFxOM5AYkkG0rpFPpr1RLPMEuGczoS7YA8gLhy8SWXYRAA/XwfEHpfo3cw5JGioS32fnMRw==}

  is-binary-path@2.1.0:
    resolution: {integrity: sha512-ZMERYes6pDydyuGidse7OsHxtbI7WVeUEozgR/g7rd0xUimYNlvZRE/K2MgZTjWy725IfelLeVcEM97mmtRGXw==}
    engines: {node: '>=8'}

  is-extglob@2.1.1:
    resolution: {integrity: sha512-SbKbANkN603Vi4jEZv49LeVJMn4yGwsbzZworEoyEiutsN3nJYdbO36zfhGJ6QEDpOZIFkDtnq5JRxmvl3jsoQ==}
    engines: {node: '>=0.10.0'}

  is-glob@4.0.3:
    resolution: {integrity: sha512-xelSayHH36ZgE7ZWhli7pW34hNbNl8Ojv5KVmkJD4hBdD3th8Tfk9vYasLM+mXWOZhFkgZfxhLSnrwRr4elSSg==}
    engines: {node: '>=0.10.0'}

  is-number@7.0.0:
    resolution: {integrity: sha512-41Cifkg6e8TylSpdtTpeLVMqvSBEVzTttHvERD741+pnZ8ANv0004MRL43QKPDlK9cGvNp6NZWZUBlbGXYxxng==}
    engines: {node: '>=0.12.0'}

  normalize-path@3.0.0:
    resolution: {integrity: sha512-6eZs5Ls3WtCisHWp9S2GUy8dqkpGi4BVSz3GaqiE6ezub0512ESztXUwUB6C6IKbQkY2Pnb/mD4WYojCRwcwLA==}
    engines: {node: '>=0.10.0'}

  picomatch@2.3.1:
    resolution: {integrity: sha512-JU3teHTNjmE2VCGFzuY8EXzCDVwEqB2a8fsIvwaStHhAWJEeVd1o1QD80CU6+ZdEXXSLbSsuLwJjkCBWqRQUVA==}
    engines: {node: '>=8.6'}

  readdirp@3.6.0:
    resolution: {integrity: sha512-hOS089on8RduqdbhvQ5Z37A0ESjsqz6qnRcffsMU3495FuTdqSm+7bhJ29JvIOsBDEEnan5DPu9t3To9VRlMzA==}
    engines: {node: '>=8.10.0'}

  rxjs@7.8.1:
    resolution: {integrity: sha512-AA3TVj+0A2iuIoQkWEK/tqFjBq2j+6PO6Y0zJcvzLAFhEFIO3HL0vls9hWLncZbAAbK0mar7oZ4V079I/qPMxg==}

  sass-embedded-android-arm64@1.77.8:
    resolution: {integrity: sha512-EmWHLbEx0Zo/f/lTFzMeH2Du+/I4RmSRlEnERSUKQWVp3aBSO04QDvdxfFezgQ+2Yt/ub9WMqBpma9P/8MPsLg==}
    engines: {node: '>=14.0.0'}
    cpu: [arm64]
    os: [android]
    hasBin: true

  sass-embedded-android-arm@1.77.8:
    resolution: {integrity: sha512-GpGL7xZ7V1XpFbnflib/NWbM0euRzineK0iwoo31/ntWKAXGj03iHhGzkSiOwWSFcXgsJJi3eRA5BTmBvK5Q+w==}
    engines: {node: '>=14.0.0'}
    cpu: [arm]
    os: [android]
    hasBin: true

  sass-embedded-android-ia32@1.77.8:
    resolution: {integrity: sha512-+GjfJ3lDezPi4dUUyjQBxlNKXNa+XVWsExtGvVNkv1uKyaOxULJhubVo2G6QTJJU0esJdfeXf5Ca5/J0ph7+7w==}
    engines: {node: '>=14.0.0'}
    cpu: [ia32]
    os: [android]
    hasBin: true

  sass-embedded-android-x64@1.77.8:
    resolution: {integrity: sha512-YZbFDzGe5NhaMCygShqkeCWtzjhkWxGVunc7ULR97wmxYPQLPeVyx7XFQZc84Aj0lKAJBJS4qRZeqphMqZEJsQ==}
    engines: {node: '>=14.0.0'}
    cpu: [x64]
    os: [android]
    hasBin: true

  sass-embedded-darwin-arm64@1.77.8:
    resolution: {integrity: sha512-aifgeVRNE+i43toIkDFFJc/aPLMo0PJ5s5hKb52U+oNdiJE36n65n2L8F/8z3zZRvCa6eYtFY2b7f1QXR3B0LA==}
    engines: {node: '>=14.0.0'}
    cpu: [arm64]
    os: [darwin]
    hasBin: true

  sass-embedded-darwin-x64@1.77.8:
    resolution: {integrity: sha512-/VWZQtcWIOek60Zj6Sxk6HebXA1Qyyt3sD8o5qwbTgZnKitB1iEBuNunyGoAgMNeUz2PRd6rVki6hvbas9hQ6w==}
    engines: {node: '>=14.0.0'}
    cpu: [x64]
    os: [darwin]
    hasBin: true

  sass-embedded-linux-arm64@1.77.8:
    resolution: {integrity: sha512-6iIOIZtBFa2YfMsHqOb3qake3C9d/zlKxjooKKnTSo+6g6z+CLTzMXe1bOfayb7yxeenElmFoK1k54kWD/40+g==}
    engines: {node: '>=14.0.0'}
    cpu: [arm64]
    os: [linux]
    hasBin: true

  sass-embedded-linux-arm@1.77.8:
    resolution: {integrity: sha512-2edZMB6jf0whx3T0zlgH+p131kOEmWp+I4wnKj7ZMUeokiY4Up05d10hSvb0Q63lOrSjFAWu6P5/pcYUUx8arQ==}
    engines: {node: '>=14.0.0'}
    cpu: [arm]
    os: [linux]
    hasBin: true

  sass-embedded-linux-ia32@1.77.8:
    resolution: {integrity: sha512-63GsFFHWN5yRLTWiSef32TM/XmjhCBx1DFhoqxmj+Yc6L9Z1h0lDHjjwdG6Sp5XTz5EmsaFKjpDgnQTP9hJX3Q==}
    engines: {node: '>=14.0.0'}
    cpu: [ia32]
    os: [linux]
    hasBin: true

  sass-embedded-linux-musl-arm64@1.77.8:
    resolution: {integrity: sha512-j8cgQxNWecYK+aH8ESFsyam/Q6G+9gg8eJegiRVpA9x8yk3ykfHC7UdQWwUcF22ZcuY4zegrjJx8k+thsgsOVA==}
    engines: {node: '>=14.0.0'}
    cpu: [arm64]
    os: [linux]

  sass-embedded-linux-musl-arm@1.77.8:
    resolution: {integrity: sha512-nFkhSl3uu9btubm+JBW7uRglNVJ8W8dGfzVqh3fyQJKS1oyBC3vT3VOtfbT9YivXk28wXscSHpqXZwY7bUuopA==}
    engines: {node: '>=14.0.0'}
    cpu: [arm]
    os: [linux]

  sass-embedded-linux-musl-ia32@1.77.8:
    resolution: {integrity: sha512-oWveMe+8TFlP8WBWPna/+Ec5TV0CE+PxEutyi0ltSruBds2zxRq9dPVOqrpPcDN9QUx50vNZC0Afgch0aQEd0g==}
    engines: {node: '>=14.0.0'}
    cpu: [ia32]
    os: [linux]

  sass-embedded-linux-musl-x64@1.77.8:
    resolution: {integrity: sha512-2NtRpMXHeFo9kaYxuZ+Ewwo39CE7BTS2JDfXkTjZTZqd8H+8KC53eBh516YQnn2oiqxSiKxm7a6pxbxGZGwXOQ==}
    engines: {node: '>=14.0.0'}
    cpu: [x64]
    os: [linux]

  sass-embedded-linux-x64@1.77.8:
    resolution: {integrity: sha512-ND5qZLWUCpOn7LJfOf0gLSZUWhNIysY+7NZK1Ctq+pM6tpJky3JM5I1jSMplNxv5H3o8p80n0gSm+fcjsEFfjQ==}
    engines: {node: '>=14.0.0'}
    cpu: [x64]
    os: [linux]
    hasBin: true

  sass-embedded-win32-arm64@1.77.8:
    resolution: {integrity: sha512-7L8zT6xzEvTYj86MvUWnbkWYCNQP+74HvruLILmiPPE+TCgOjgdi750709BtppVJGGZSs40ZuN6mi/YQyGtwXg==}
    engines: {node: '>=14.0.0'}
    cpu: [arm64]
    os: [win32]
    hasBin: true

  sass-embedded-win32-ia32@1.77.8:
    resolution: {integrity: sha512-7Buh+4bP0WyYn6XPbthkIa3M2vtcR8QIsFVg3JElVlr+8Ng19jqe0t0SwggDgbMX6AdQZC+Wj4F1BprZSok42A==}
    engines: {node: '>=14.0.0'}
    cpu: [ia32]
    os: [win32]
    hasBin: true

  sass-embedded-win32-x64@1.77.8:
    resolution: {integrity: sha512-rZmLIx4/LLQm+4GW39sRJW0MIlDqmyV0fkRzTmhFP5i/wVC7cuj8TUubPHw18rv2rkHFfBZKZJTCkPjCS5Z+SA==}
    engines: {node: '>=14.0.0'}
    cpu: [x64]
    os: [win32]
    hasBin: true

  sass-embedded@1.77.8:
    resolution: {integrity: sha512-WGXA6jcaoBo5Uhw0HX/s6z/sl3zyYQ7ZOnLOJzqwpctFcFmU4L07zn51e2VSkXXFpQZFAdMZNqOGz/7h/fvcRA==}
    engines: {node: '>=16.0.0'}

  sass@1.77.8:
    resolution: {integrity: sha512-4UHg6prsrycW20fqLGPShtEvo/WyHRVRHwOP4DzkUrObWoWI05QBSfzU71TVB7PFaL104TwNaHpjlWXAZbQiNQ==}
    engines: {node: '>=14.0.0'}
    hasBin: true

  source-map-js@1.2.0:
    resolution: {integrity: sha512-itJW8lvSA0TXEphiRoawsCksnlf8SyvmFzIhltqAHluXd88pkCd+cXJVHTDwdCr0IzwptSm035IHQktUu1QUMg==}
    engines: {node: '>=0.10.0'}

  supports-color@8.1.1:
    resolution: {integrity: sha512-MpUEN2OodtUzxvKQl72cUF7RQ5EiHsGvSsVG0ia9c5RbWGL2CI4C7EpPS8UTBIplnlzZiNuV56w+FuNxy3ty2Q==}
    engines: {node: '>=10'}

  to-regex-range@5.0.1:
    resolution: {integrity: sha512-65P7iz6X5yEr1cwcgvQxbbIw7Uk3gOy5dIdtZ4rDveLqhrdJP+Li/Hx6tyK0NEb+2GCyneCMJiGqrADCSNk8sQ==}
    engines: {node: '>=8.0'}

  tslib@2.6.3:
    resolution: {integrity: sha512-xNvxJEOUiWPGhUuUdQgAJPKOOJfGnIyKySOc09XkKsgdUV/3E2zvwZYdejjmRgPCgcym1juLH3226yA7sEFJKQ==}

  varint@6.0.0:
    resolution: {integrity: sha512-cXEIW6cfr15lFv563k4GuVuW/fiwjknytD37jIOLSdSWuOI6WnO/oKwmP2FQTU2l01LP8/M5TSAJpzUaGe3uWg==}

snapshots:

  '@bufbuild/protobuf@1.10.0': {}

  anymatch@3.1.3:
    dependencies:
      normalize-path: 3.0.0
      picomatch: 2.3.1

  binary-extensions@2.3.0: {}

  braces@3.0.3:
    dependencies:
      fill-range: 7.1.1

  buffer-builder@0.2.0: {}

  chokidar@3.6.0:
    dependencies:
      anymatch: 3.1.3
      braces: 3.0.3
      glob-parent: 5.1.2
      is-binary-path: 2.1.0
      is-glob: 4.0.3
      normalize-path: 3.0.0
      readdirp: 3.6.0
    optionalDependencies:
      fsevents: 2.3.3

  fill-range@7.1.1:
    dependencies:
      to-regex-range: 5.0.1

  fsevents@2.3.3:
    optional: true

  glob-parent@5.1.2:
    dependencies:
      is-glob: 4.0.3

  has-flag@4.0.0: {}

  immutable@4.3.7: {}

  is-binary-path@2.1.0:
    dependencies:
      binary-extensions: 2.3.0

  is-extglob@2.1.1: {}

  is-glob@4.0.3:
    dependencies:
      is-extglob: 2.1.1

  is-number@7.0.0: {}

  normalize-path@3.0.0: {}

  picomatch@2.3.1: {}

  readdirp@3.6.0:
    dependencies:
      picomatch: 2.3.1

  rxjs@7.8.1:
    dependencies:
      tslib: 2.6.3

  sass-embedded-android-arm64@1.77.8:
    optional: true

  sass-embedded-android-arm@1.77.8:
    optional: true

  sass-embedded-android-ia32@1.77.8:
    optional: true

  sass-embedded-android-x64@1.77.8:
    optional: true

  sass-embedded-darwin-arm64@1.77.8:
    optional: true

  sass-embedded-darwin-x64@1.77.8:
    optional: true

  sass-embedded-linux-arm64@1.77.8:
    optional: true

  sass-embedded-linux-arm@1.77.8:
    optional: true

  sass-embedded-linux-ia32@1.77.8:
    optional: true

  sass-embedded-linux-musl-arm64@1.77.8:
    optional: true

  sass-embedded-linux-musl-arm@1.77.8:
    optional: true

  sass-embedded-linux-musl-ia32@1.77.8:
    optional: true

  sass-embedded-linux-musl-x64@1.77.8:
    optional: true

  sass-embedded-linux-x64@1.77.8:
    optional: true

  sass-embedded-win32-arm64@1.77.8:
    optional: true

  sass-embedded-win32-ia32@1.77.8:
    optional: true

  sass-embedded-win32-x64@1.77.8:
    optional: true

  sass-embedded@1.77.8:
    dependencies:
      '@bufbuild/protobuf': 1.10.0
      buffer-builder: 0.2.0
      immutable: 4.3.7
      rxjs: 7.8.1
      supports-color: 8.1.1
      varint: 6.0.0
    optionalDependencies:
      sass-embedded-android-arm: 1.77.8
      sass-embedded-android-arm64: 1.77.8
      sass-embedded-android-ia32: 1.77.8
      sass-embedded-android-x64: 1.77.8
      sass-embedded-darwin-arm64: 1.77.8
      sass-embedded-darwin-x64: 1.77.8
      sass-embedded-linux-arm: 1.77.8
      sass-embedded-linux-arm64: 1.77.8
      sass-embedded-linux-ia32: 1.77.8
      sass-embedded-linux-musl-arm: 1.77.8
      sass-embedded-linux-musl-arm64: 1.77.8
      sass-embedded-linux-musl-ia32: 1.77.8
      sass-embedded-linux-musl-x64: 1.77.8
      sass-embedded-linux-x64: 1.77.8
      sass-embedded-win32-arm64: 1.77.8
      sass-embedded-win32-ia32: 1.77.8
      sass-embedded-win32-x64: 1.77.8

  sass@1.77.8:
    dependencies:
      chokidar: 3.6.0
      immutable: 4.3.7
      source-map-js: 1.2.0

  source-map-js@1.2.0: {}

  supports-color@8.1.1:
    dependencies:
      has-flag: 4.0.0

  to-regex-range@5.0.1:
    dependencies:
      is-number: 7.0.0

  tslib@2.6.3: {}

  varint@6.0.0: {}
